
Microsoft Visual Studio Solution File, Format Version 12.00
# Visual Studio Version 17
VisualStudioVersion = 17.3.32929.385
MinimumVisualStudioVersion = 10.0.40219.1
Project("{FAE04EC0-301F-11D3-BF4B-00C04F79EFBC}") = "1. Number Type", "1. Number Type.csproj", "{38E5BFD3-AAA7-41AD-B4C0-71601D228094}"
EndProject
Global
	GlobalSection(SolutionConfigurationPlatforms) = preSolution
		Debug|Any CPU = Debug|Any CPU
		Release|Any CPU = Release|Any CPU
	EndGlobalSection
	GlobalSection(ProjectConfigurationPlatforms) = postSolution
		{38E5BFD3-AAA7-41AD-B4C0-71601D228094}.Debug|Any CPU.ActiveCfg = Debug|Any CPU
		{38E5BFD3-AAA7-41AD-B4C0-71601D228094}.Debug|Any CPU.Build.0 = Debug|Any CPU
		{38E5BFD3-AAA7-41AD-B4C0-71601D228094}.Release|Any CPU.ActiveCfg = Release|Any CPU
		{38E5BFD3-AAA7-41AD-B4C0-71601D228094}.Release|Any CPU.Build.0 = Release|Any CPU
	EndGlobalSection
	GlobalSection(SolutionProperties) = preSolution
		HideSolutionNode = FALSE
	EndGlobalSection
	GlobalSection(ExtensibilityGlobals) = postSolution
		SolutionGuid = {67FE6A6C-09BC-4D2F-9E4F-A12FB5F73A5F}
	EndGlobalSection
EndGlobal
